{
    "hash": "85f9db0e7152ad1e7d20ad60cb6227e9",
    "packages": [
        {
            "package": "lib/vendor/faker",
            "version": "master-dev",
            "source-reference": "ab426e0253a1fe41fd6077df86f34fb0a2ca65a8",
            "commit-date": "1328895211"
        },
        {
            "package": "lib/vendor/magnify",
            "version": "1.1"
        },
        {
            "package": "lib/vendor/neo4jphp",
            "version": "0.1.0"
        },
        {
            "package": "lib/vendor/twig",
            "version": "1.6.2"
        },
        {
            "package": "plugins/sfGuardPlugin",
            "version": "4.0.2"
        }
    ],
    "packages-dev": null,
    "aliases": [

    ],
    "minimum-stability": "stable",
    "stability-flags": {
        "lib/vendor/faker": 20
    }
}
